%{"bbmustache": {:hex, :bbmustache, "1.0.3", "0fa96a57e0c7b53a5429d6d0be2c56699210dee97e63bc1c956726d99e7ea533", [:rebar], []},
  "conform": {:hex, :conform, "0.11.0", "fe5a68ab8533b53b4a463aa2ee71c622bea19b86e0183b8d34c23c6b8ed17dc7", [:mix], []},
  "connection": {:hex, :connection, "1.0.4", "a1cae72211f0eef17705aaededacac3eb30e6625b04a6117c1b2db6ace7d5976", [:mix], []},
  "cowboy": {:hex, :cowboy, "1.0.4", "a324a8df9f2316c833a470d918aaf73ae894278b8aa6226ce7a9bf699388f878", [:make, :rebar], [{:cowlib, "~> 1.0.0", [hex: :cowlib, optional: false]}, {:ranch, "~> 1.0", [hex: :ranch, optional: false]}]},
  "cowlib": {:hex, :cowlib, "1.0.2", "9d769a1d062c9c3ac753096f868ca121e2730b9a377de23dec0f7e08b1df84ee", [:make], []},
  "db_connection": {:hex, :db_connection, "1.0.0", "63c03e520d54886a66104d34e32397ba960db6e74b596ce221592c07d6a40d8d", [:mix], [{:connection, "~> 1.0.2", [hex: :connection, optional: false]}, {:poolboy, "~> 1.5", [hex: :poolboy, optional: true]}, {:sbroker, "~> 1.0", [hex: :sbroker, optional: true]}]},
  "decimal": {:hex, :decimal, "1.1.2", "79a769d4657b2d537b51ef3c02d29ab7141d2b486b516c109642d453ee08e00c", [:mix], []},
  "distillery": {:hex, :distillery, "0.10.1", "14fccade4b8ab849b99e21c4bdfaa1092dbacdce8afd33f5c369c6e114385b0e", [:mix], []},
  "ecto": {:hex, :ecto, "0.15.0", "0f070eca5dc452901379a761004f995f721319a5d431aa9e7b8a8e26b33d3fc1", [:mix], [{:decimal, "~> 1.0", [hex: :decimal, optional: false]}, {:mariaex, "~> 0.4.1", [hex: :mariaex, optional: true]}, {:poison, "~> 1.0", [hex: :poison, optional: true]}, {:poolboy, "~> 1.4", [hex: :poolboy, optional: false]}, {:postgrex, "~> 0.9.1", [hex: :postgrex, optional: true]}, {:sbroker, "~> 0.7", [hex: :sbroker, optional: true]}]},
  "erlware_commons": {:hex, :erlware_commons, "0.15.0", "99a7aa84b5fdf423c0f2c7907a8443288f991b676cf22abac6f9b5a526ccc189", [:rebar], []},
  "esqlite": {:hex, :esqlite, "0.2.2", "e4e8b39062a075e0bd4756b894dd2aa8edbf94c9081c1fb5c72dc705bf2f2d88", [:make, :rebar], []},
  "exrm": {:hex, :exrm, "0.14.17", "b804614cfc8ded1730ff0d51f059ea2cf7d826eb05fe24d6de87c9e0673decb6", [:mix], [{:conform, "~> 0.11.0", [hex: :conform, optional: false]}]},
  "fs": {:hex, :fs, "0.9.2", "ed17036c26c3f70ac49781ed9220a50c36775c6ca2cf8182d123b6566e49ec59", [:rebar], []},
  "getopt": {:hex, :getopt, "0.8.2", "b17556db683000ba50370b16c0619df1337e7af7ecbf7d64fbf8d1d6bce3109b", [:rebar], []},
  "gettext": {:hex, :gettext, "0.12.1", "c0624f52763469ef7a3674919ae28b8286d88195b90fa1516180f31bbbd26d14", [:mix], []},
  "mime": {:hex, :mime, "1.0.1", "05c393850524767d13a53627df71beeebb016205eb43bfbd92d14d24ec7a1b51", [:mix], []},
  "neotoma": {:hex, :neotoma, "1.7.3", "d8bd5404b73273989946e4f4f6d529e5c2088f5fa1ca790b4dbe81f4be408e61", [:rebar], []},
  "phoenix": {:hex, :phoenix, "1.2.1", "6dc592249ab73c67575769765b66ad164ad25d83defa3492dc6ae269bd2a68ab", [:mix], [{:cowboy, "~> 1.0", [hex: :cowboy, optional: true]}, {:phoenix_pubsub, "~> 1.0", [hex: :phoenix_pubsub, optional: false]}, {:plug, "~> 1.1", [hex: :plug, optional: false]}, {:poison, "~> 1.5 or ~> 2.0", [hex: :poison, optional: false]}]},
  "phoenix_ecto": {:hex, :phoenix_ecto, "3.0.1", "42eb486ef732cf209d0a353e791806721f33ff40beab0a86f02070a5649ed00a", [:mix], [{:ecto, "~> 2.0", [hex: :ecto, optional: false]}, {:phoenix_html, "~> 2.6", [hex: :phoenix_html, optional: true]}, {:plug, "~> 1.0", [hex: :plug, optional: false]}]},
  "phoenix_html": {:hex, :phoenix_html, "2.7.0", "19e12e2044340c2e43df206a06d059677c59ea1868bd1c35165438d592cd420b", [:mix], [{:plug, "~> 1.0", [hex: :plug, optional: false]}]},
  "phoenix_live_reload": {:hex, :phoenix_live_reload, "1.0.5", "829218c4152ba1e9848e2bf8e161fcde6b4ec679a516259442561d21fde68d0b", [:mix], [{:fs, "~> 0.9.1", [hex: :fs, optional: false]}, {:phoenix, "~> 1.0 or ~> 1.2-rc", [hex: :phoenix, optional: false]}]},
  "phoenix_pubsub": {:hex, :phoenix_pubsub, "1.0.1", "c10ddf6237007c804bf2b8f3c4d5b99009b42eca3a0dfac04ea2d8001186056a", [:mix], []},
  "pipe": {:hex, :pipe, "0.0.2", "eff98a868b426745acef103081581093ff5c1b88100f8ff5949b4a30e81d0d9f", [:mix], []},
  "plug": {:hex, :plug, "1.2.2", "cfbda521b54c92ab8ddffb173fbaabed8d8fc94bec07cd9bb58a84c1c501b0bd", [:mix], [{:cowboy, "~> 1.0", [hex: :cowboy, optional: true]}, {:mime, "~> 1.0", [hex: :mime, optional: false]}]},
  "poison": {:hex, :poison, "1.5.2", "560bdfb7449e3ddd23a096929fb9fc2122f709bcc758b2d5d5a5c7d0ea848910", [:mix], []},
  "poolboy": {:hex, :poolboy, "1.5.1", "6b46163901cfd0a1b43d692657ed9d7e599853b3b21b95ae5ae0a777cf9b6ca8", [:rebar], []},
  "postgrex": {:hex, :postgrex, "0.12.1", "2f8b46cb3a44dcd42f42938abedbfffe7e103ba4ce810ccbeee8dcf27ca0fb06", [:mix], [{:connection, "~> 1.0", [hex: :connection, optional: false]}, {:db_connection, "~> 1.0-rc.4", [hex: :db_connection, optional: false]}, {:decimal, "~> 1.0", [hex: :decimal, optional: false]}]},
  "providers": {:hex, :providers, "1.4.1", "e74176b29d4771544410af5022fe1306b100d0f57c9e0f3656bcff5962f87cd2", [:rebar], [{:getopt, "0.8.2", [hex: :getopt, optional: false]}]},
  "ranch": {:hex, :ranch, "1.2.1", "a6fb992c10f2187b46ffd17ce398ddf8a54f691b81768f9ef5f461ea7e28c762", [:make], []},
  "relx": {:hex, :relx, "3.5.0", "4f7461b8de9c000fd2fcc2f805b4454f50b6fb96339c506e26dc12f5a77c090f", [:rebar], [{:bbmustache, "1.0.3", [hex: :bbmustache, optional: false]}, {:erlware_commons, "0.15.0", [hex: :erlware_commons, optional: false]}, {:getopt, "0.8.2", [hex: :getopt, optional: false]}, {:providers, "1.4.1", [hex: :providers, optional: false]}]},
  "sqlite_ecto": {:hex, :sqlite_ecto, "0.5.0", "1e2e0c4aa3b8137cef08274c694d289c56887a52bb0fb4c856413c30045df8ef", [:mix], [{:ecto, "~> 0.15.0", [hex: :ecto, optional: false]}, {:poison, "~> 1.0", [hex: :poison, optional: false]}, {:sqlitex, "~> 0.8", [hex: :sqlitex, optional: false]}]},
  "sqlitex": {:hex, :sqlitex, "0.8.0", "e0013cc7b70723db22c2ac8d318fa434d062242075296499c4c76469b7c22e78", [:mix], [{:decimal, "~> 1.1.0", [hex: :decimal, optional: false]}, {:esqlite, "~> 0.2.0", [hex: :esqlite, optional: false]}, {:pipe, "~> 0.0.2", [hex: :pipe, optional: false]}]}}
